
Microsoft Visual Studio Solution File, Format Version 12.00
# Visual Studio 2012
Project("{FAE04EC0-301F-11D3-BF4B-00C04F79EFBC}") = "Oficina", "Oficina\Oficina.csproj", "{9F98E66C-FDF7-4EC7-8E2B-A6F5DEDD30B0}"
EndProject
Project("{FAE04EC0-301F-11D3-BF4B-00C04F79EFBC}") = "Oficina.Tests", "Oficina.Tests\Oficina.Tests.csproj", "{2113D0C0-6785-41B6-8372-29F5ADA4B9BC}"
EndProject
Global
	GlobalSection(SolutionConfigurationPlatforms) = preSolution
		Debug|Any CPU = Debug|Any CPU
		Release|Any CPU = Release|Any CPU
	EndGlobalSection
	GlobalSection(ProjectConfigurationPlatforms) = postSolution
		{9F98E66C-FDF7-4EC7-8E2B-A6F5DEDD30B0}.Debug|Any CPU.ActiveCfg = Debug|Any CPU
		{9F98E66C-FDF7-4EC7-8E2B-A6F5DEDD30B0}.Debug|Any CPU.Build.0 = Debug|Any CPU
		{9F98E66C-FDF7-4EC7-8E2B-A6F5DEDD30B0}.Release|Any CPU.ActiveCfg = Release|Any CPU
		{9F98E66C-FDF7-4EC7-8E2B-A6F5DEDD30B0}.Release|Any CPU.Build.0 = Release|Any CPU
		{2113D0C0-6785-41B6-8372-29F5ADA4B9BC}.Debug|Any CPU.ActiveCfg = Debug|Any CPU
		{2113D0C0-6785-41B6-8372-29F5ADA4B9BC}.Debug|Any CPU.Build.0 = Debug|Any CPU
		{2113D0C0-6785-41B6-8372-29F5ADA4B9BC}.Release|Any CPU.ActiveCfg = Release|Any CPU
		{2113D0C0-6785-41B6-8372-29F5ADA4B9BC}.Release|Any CPU.Build.0 = Release|Any CPU
	EndGlobalSection
	GlobalSection(SolutionProperties) = preSolution
		HideSolutionNode = FALSE
	EndGlobalSection
EndGlobal
